
Microsoft Visual Studio Solution File, Format Version 12.00
# Visual Studio Version 16
VisualStudioVersion = 16.0.31321.278
MinimumVisualStudioVersion = 10.0.40219.1
Project("{FAE04EC0-301F-11D3-BF4B-00C04F79EFBC}") = "Project10", "Project10\Project10.csproj", "{67EE4E52-C148-4C83-A5E0-B1815E589D1D}"
EndProject
Global
	GlobalSection(SolutionConfigurationPlatforms) = preSolution
		Debug|Any CPU = Debug|Any CPU
		Release|Any CPU = Release|Any CPU
	EndGlobalSection
	GlobalSection(ProjectConfigurationPlatforms) = postSolution
		{67EE4E52-C148-4C83-A5E0-B1815E589D1D}.Debug|Any CPU.ActiveCfg = Debug|Any CPU
		{67EE4E52-C148-4C83-A5E0-B1815E589D1D}.Debug|Any CPU.Build.0 = Debug|Any CPU
		{67EE4E52-C148-4C83-A5E0-B1815E589D1D}.Release|Any CPU.ActiveCfg = Release|Any CPU
		{67EE4E52-C148-4C83-A5E0-B1815E589D1D}.Release|Any CPU.Build.0 = Release|Any CPU
	EndGlobalSection
	GlobalSection(SolutionProperties) = preSolution
		HideSolutionNode = FALSE
	EndGlobalSection
	GlobalSection(ExtensibilityGlobals) = postSolution
		SolutionGuid = {A04736AF-8A24-4D2B-AABE-E279F19D0050}
	EndGlobalSection
EndGlobal
